
Microsoft Visual Studio Solution File, Format Version 12.00
# Visual Studio Version 16
VisualStudioVersion = 16.0.31129.286
MinimumVisualStudioVersion = 10.0.40219.1
Project("{9A19103F-16F7-4668-BE54-9A1E7A4F7556}") = "CSRPulse.Data", "CSRPulse.Data\CSRPulse.Data.csproj", "{909F72A9-32D5-4F90-8911-787A3F94C31B}"
EndProject
Project("{9A19103F-16F7-4668-BE54-9A1E7A4F7556}") = "CSRPulse.Common", "CSRPulse.Common\CSRPulse.Common.csproj", "{83501792-B734-42B0-9037-5D1577E011FE}"
EndProject
Project("{9A19103F-16F7-4668-BE54-9A1E7A4F7556}") = "CSRPulse.Model", "CSRPulse.Model\CSRPulse.Model.csproj", "{87B0DFE2-49EC-4F76-806B-70B951B1AE8A}"
EndProject
Project("{9A19103F-16F7-4668-BE54-9A1E7A4F7556}") = "CSRPulse.Services", "CSRPulse.Services\CSRPulse.Services.csproj", "{39BB8F45-30B4-4A54-A518-5DAB149CBC68}"
EndProject
Project("{9A19103F-16F7-4668-BE54-9A1E7A4F7556}") = "CSRPulse", "CSRPulse\CSRPulse.csproj", "{B771DBCC-B857-4C32-8835-7D775868CFF1}"
EndProject
Project("{9A19103F-16F7-4668-BE54-9A1E7A4F7556}") = "CSRPulse.ExportImport", "CSRPulse.ExportImport\CSRPulse.ExportImport.csproj", "{87885117-3615-41DD-924B-2754E429F9A6}"
EndProject
Global
	GlobalSection(SolutionConfigurationPlatforms) = preSolution
		Debug|Any CPU = Debug|Any CPU
		Release|Any CPU = Release|Any CPU
	EndGlobalSection
	GlobalSection(ProjectConfigurationPlatforms) = postSolution
		{909F72A9-32D5-4F90-8911-787A3F94C31B}.Debug|Any CPU.ActiveCfg = Debug|Any CPU
		{909F72A9-32D5-4F90-8911-787A3F94C31B}.Debug|Any CPU.Build.0 = Debug|Any CPU
		{909F72A9-32D5-4F90-8911-787A3F94C31B}.Release|Any CPU.ActiveCfg = Release|Any CPU
		{909F72A9-32D5-4F90-8911-787A3F94C31B}.Release|Any CPU.Build.0 = Release|Any CPU
		{83501792-B734-42B0-9037-5D1577E011FE}.Debug|Any CPU.ActiveCfg = Debug|Any CPU
		{83501792-B734-42B0-9037-5D1577E011FE}.Debug|Any CPU.Build.0 = Debug|Any CPU
		{83501792-B734-42B0-9037-5D1577E011FE}.Release|Any CPU.ActiveCfg = Release|Any CPU
		{83501792-B734-42B0-9037-5D1577E011FE}.Release|Any CPU.Build.0 = Release|Any CPU
		{87B0DFE2-49EC-4F76-806B-70B951B1AE8A}.Debug|Any CPU.ActiveCfg = Debug|Any CPU
		{87B0DFE2-49EC-4F76-806B-70B951B1AE8A}.Debug|Any CPU.Build.0 = Debug|Any CPU
		{87B0DFE2-49EC-4F76-806B-70B951B1AE8A}.Release|Any CPU.ActiveCfg = Release|Any CPU
		{87B0DFE2-49EC-4F76-806B-70B951B1AE8A}.Release|Any CPU.Build.0 = Release|Any CPU
		{39BB8F45-30B4-4A54-A518-5DAB149CBC68}.Debug|Any CPU.ActiveCfg = Debug|Any CPU
		{39BB8F45-30B4-4A54-A518-5DAB149CBC68}.Debug|Any CPU.Build.0 = Debug|Any CPU
		{39BB8F45-30B4-4A54-A518-5DAB149CBC68}.Release|Any CPU.ActiveCfg = Release|Any CPU
		{39BB8F45-30B4-4A54-A518-5DAB149CBC68}.Release|Any CPU.Build.0 = Release|Any CPU
		{B771DBCC-B857-4C32-8835-7D775868CFF1}.Debug|Any CPU.ActiveCfg = Debug|Any CPU
		{B771DBCC-B857-4C32-8835-7D775868CFF1}.Debug|Any CPU.Build.0 = Debug|Any CPU
		{B771DBCC-B857-4C32-8835-7D775868CFF1}.Release|Any CPU.ActiveCfg = Release|Any CPU
		{B771DBCC-B857-4C32-8835-7D775868CFF1}.Release|Any CPU.Build.0 = Release|Any CPU
		{87885117-3615-41DD-924B-2754E429F9A6}.Debug|Any CPU.ActiveCfg = Debug|Any CPU
		{87885117-3615-41DD-924B-2754E429F9A6}.Debug|Any CPU.Build.0 = Debug|Any CPU
		{87885117-3615-41DD-924B-2754E429F9A6}.Release|Any CPU.ActiveCfg = Release|Any CPU
		{87885117-3615-41DD-924B-2754E429F9A6}.Release|Any CPU.Build.0 = Release|Any CPU
	EndGlobalSection
	GlobalSection(SolutionProperties) = preSolution
		HideSolutionNode = FALSE
	EndGlobalSection
	GlobalSection(ExtensibilityGlobals) = postSolution
		SolutionGuid = {0E2C6E0E-A5AF-4D0F-8FB2-8ADC0A5DA0F9}
	EndGlobalSection
EndGlobal
